
Microsoft Visual Studio Solution File, Format Version 12.00
# Visual Studio Version 16
VisualStudioVersion = 16.0.34407.143
MinimumVisualStudioVersion = 10.0.40219.1
Project("{FAE04EC0-301F-11D3-BF4B-00C04F79EFBC}") = "LoginApp", "LoginApp\LoginApp.csproj", "{D9CFEDB3-71B4-4F26-9BF2-9CD3A9645D32}"
EndProject
Global
	GlobalSection(SolutionConfigurationPlatforms) = preSolution
		Debug|Any CPU = Debug|Any CPU
		Release|Any CPU = Release|Any CPU
	EndGlobalSection
	GlobalSection(ProjectConfigurationPlatforms) = postSolution
		{D9CFEDB3-71B4-4F26-9BF2-9CD3A9645D32}.Debug|Any CPU.ActiveCfg = Debug|Any CPU
		{D9CFEDB3-71B4-4F26-9BF2-9CD3A9645D32}.Debug|Any CPU.Build.0 = Debug|Any CPU
		{D9CFEDB3-71B4-4F26-9BF2-9CD3A9645D32}.Release|Any CPU.ActiveCfg = Release|Any CPU
		{D9CFEDB3-71B4-4F26-9BF2-9CD3A9645D32}.Release|Any CPU.Build.0 = Release|Any CPU
	EndGlobalSection
	GlobalSection(SolutionProperties) = preSolution
		HideSolutionNode = FALSE
	EndGlobalSection
	GlobalSection(ExtensibilityGlobals) = postSolution
		SolutionGuid = {C81F7A92-08E0-428A-B67E-E4FD7633984F}
	EndGlobalSection
EndGlobal
